
Microsoft Visual Studio Solution File, Format Version 12.00
# Visual Studio Version 16
VisualStudioVersion = 16.0.30804.86
MinimumVisualStudioVersion = 10.0.40219.1
Project("{FAE04EC0-301F-11D3-BF4B-00C04F79EFBC}") = "Spaceframe", "Spaceframe\Spaceframe.csproj", "{BFC8DDFB-BA04-4031-A213-56FF0173A4B2}"
EndProject
Global
	GlobalSection(SolutionConfigurationPlatforms) = preSolution
		Debug|Any CPU = Debug|Any CPU
		Release|Any CPU = Release|Any CPU
	EndGlobalSection
	GlobalSection(ProjectConfigurationPlatforms) = postSolution
		{BFC8DDFB-BA04-4031-A213-56FF0173A4B2}.Debug|Any CPU.ActiveCfg = Debug|Any CPU
		{BFC8DDFB-BA04-4031-A213-56FF0173A4B2}.Debug|Any CPU.Build.0 = Debug|Any CPU
		{BFC8DDFB-BA04-4031-A213-56FF0173A4B2}.Release|Any CPU.ActiveCfg = Release|Any CPU
		{BFC8DDFB-BA04-4031-A213-56FF0173A4B2}.Release|Any CPU.Build.0 = Release|Any CPU
	EndGlobalSection
	GlobalSection(SolutionProperties) = preSolution
		HideSolutionNode = FALSE
	EndGlobalSection
	GlobalSection(ExtensibilityGlobals) = postSolution
		SolutionGuid = {64E5C863-D30C-4765-B83E-CBD6D1B3A884}
	EndGlobalSection
EndGlobal
